// !$*UTF8*$!
{
	archiveVersion = 1;
	classes = {
	};
	objectVersion = 56;
	objects = {

/* Begin PBXBuildFile section */
		52B5C7A329B7707700B7BE82 /* AppDelegate.swift in Sources */ = {isa = PBXBuildFile; fileRef = 52B5C7A229B7707700B7BE82 /* AppDelegate.swift */; };
		52B5C7A529B7707700B7BE82 /* SceneDelegate.swift in Sources */ = {isa = PBXBuildFile; fileRef = 52B5C7A429B7707700B7BE82 /* SceneDelegate.swift */; };
		52B5C7A729B7707700B7BE82 /* ViewController.swift in Sources */ = {isa = PBXBuildFile; fileRef = 52B5C7A629B7707700B7BE82 /* ViewController.swift */; };
		52B5C7AA29B7707700B7BE82 /* Main.storyboard in Resources */ = {isa = PBXBuildFile; fileRef = 52B5C7A829B7707700B7BE82 /* Main.storyboard */; };
		52B5C7AC29B7707800B7BE82 /* Assets.xcassets in Resources */ = {isa = PBXBuildFile; fileRef = 52B5C7AB29B7707800B7BE82 /* Assets.xcassets */; };
		52B5C7AF29B7707800B7BE82 /* LaunchScreen.storyboard in Resources */ = {isa = PBXBuildFile; fileRef = 52B5C7AD29B7707800B7BE82 /* LaunchScreen.storyboard */; };
		52B5C7B729B7725A00B7BE82 /* DetailsVC.swift in Sources */ = {isa = PBXBuildFile; fileRef = 52B5C7B629B7725A00B7BE82 /* DetailsVC.swift */; };
		52B5C7B929B775DD00B7BE82 /* Characters.swift in Sources */ = {isa = PBXBuildFile; fileRef = 52B5C7B829B775DD00B7BE82 /* Characters.swift */; };
/* End PBXBuildFile section */

/* Begin PBXFileReference section */
		52B5C79F29B7707700B7BE82 /* HIMYM-Book.app */ = {isa = PBXFileReference; explicitFileType = wrapper.application; includeInIndex = 0; path = "HIMYM-Book.app"; sourceTree = BUILT_PRODUCTS_DIR; };
		52B5C7A229B7707700B7BE82 /* AppDelegate.swift */ = {isa = PBXFileReference; lastKnownFileType = sourcecode.swift; path = AppDelegate.swift; sourceTree = "<group>"; };
		52B5C7A429B7707700B7BE82 /* SceneDelegate.swift */ = {isa = PBXFileReference; lastKnownFileType = sourcecode.swift; path = SceneDelegate.swift; sourceTree = "<group>"; };
		52B5C7A629B7707700B7BE82 /* ViewController.swift */ = {isa = PBXFileReference; lastKnownFileType = sourcecode.swift; path = ViewController.swift; sourceTree = "<group>"; };
		52B5C7A929B7707700B7BE82 /* Base */ = {isa = PBXFileReference; lastKnownFileType = file.storyboard; name = Base; path = Base.lproj/Main.storyboard; sourceTree = "<group>"; };
		52B5C7AB29B7707800B7BE82 /* Assets.xcassets */ = {isa = PBXFileReference; lastKnownFileType = folder.assetcatalog; path = Assets.xcassets; sourceTree = "<group>"; };
		52B5C7AE29B7707800B7BE82 /* Base */ = {isa = PBXFileReference; lastKnownFileType = file.storyboard; name = Base; path = Base.lproj/LaunchScreen.storyboard; sourceTree = "<group>"; };
		52B5C7B029B7707800B7BE82 /* Info.plist */ = {isa = PBXFileReference; lastKnownFileType = text.plist.xml; path = Info.plist; sourceTree = "<group>"; };
		52B5C7B629B7725A00B7BE82 /* DetailsVC.swift */ = {isa = PBXFileReference; lastKnownFileType = sourcecode.swift; path = DetailsVC.swift; sourceTree = "<group>"; };
		52B5C7B829B775DD00B7BE82 /* Characters.swift */ = {isa = PBXFileReference; lastKnownFileType = sourcecode.swift; path = Characters.swift; sourceTree = "<group>"; };
/* End PBXFileReference section */

/* Begin PBXFrameworksBuildPhase section */
		52B5C79C29B7707700B7BE82 /* Frameworks */ = {
			isa = PBXFrameworksBuildPhase;
			buildActionMask = 2147483647;
			files = (
			);
			runOnlyForDeploymentPostprocessing = 0;
		};
/* End PBXFrameworksBuildPhase section */

/* Begin PBXGroup section */
		52B5C79629B7707700B7BE82 = {
			isa = PBXGroup;
			children = (
				52B5C7A129B7707700B7BE82 /* HIMYM-Book */,
				52B5C7A029B7707700B7BE82 /* Products */,
			);
			sourceTree = "<group>";
		};
		52B5C7A029B7707700B7BE82 /* Products */ = {
			isa = PBXGroup;
			children = (
				52B5C79F29B7707700B7BE82 /* HIMYM-Book.app */,
			);
			name = Products;
			sourceTree = "<group>";
		};
		52B5C7A129B7707700B7BE82 /* HIMYM-Book */ = {
			isa = PBXGroup;
			children = (
				52B5C7A229B7707700B7BE82 /* AppDelegate.swift */,
				52B5C7A429B7707700B7BE82 /* SceneDelegate.swift */,
				52B5C7A629B7707700B7BE82 /* ViewController.swift */,
				52B5C7A829B7707700B7BE82 /* Main.storyboard */,
				52B5C7AB29B7707800B7BE82 /* Assets.xcassets */,
				52B5C7AD29B7707800B7BE82 /* LaunchScreen.storyboard */,
				52B5C7B029B7707800B7BE82 /* Info.plist */,
				52B5C7B629B7725A00B7BE82 /* DetailsVC.swift */,
				52B5C7B829B775DD00B7BE82 /* Characters.swift */,
			);
			path = "HIMYM-Book";
			sourceTree = "<group>";
		};
/* End PBXGroup section */

/* Begin PBXNativeTarget section */
		52B5C79E29B7707700B7BE82 /* HIMYM-Book */ = {
			isa = PBXNativeTarget;
			buildConfigurationList = 52B5C7B329B7707800B7BE82 /* Build configuration list for PBXNativeTarget "HIMYM-Book" */;
			buildPhases = (
				52B5C79B29B7707700B7BE82 /* Sources */,
				52B5C79C29B7707700B7BE82 /* Frameworks */,
				52B5C79D29B7707700B7BE82 /* Resources */,
			);
			buildRules = (
			);
			dependencies = (
			);
			name = "HIMYM-Book";
			productName = "HIMYM-Book";
			productReference = 52B5C79F29B7707700B7BE82 /* HIMYM-Book.app */;
			productType = "com.apple.product-type.application";
		};
/* End PBXNativeTarget section */

/* Begin PBXProject section */
		52B5C79729B7707700B7BE82 /* Project object */ = {
			isa = PBXProject;
			attributes = {
				BuildIndependentTargetsInParallel = 1;
				LastSwiftUpdateCheck = 1400;
				LastUpgradeCheck = 1400;
				TargetAttributes = {
					52B5C79E29B7707700B7BE82 = {
						CreatedOnToolsVersion = 14.0;
					};
				};
			};
			buildConfigurationList = 52B5C79A29B7707700B7BE82 /* Build configuration list for PBXProject "HIMYM-Book" */;
			compatibilityVersion = "Xcode 14.0";
			developmentRegion = en;
			hasScannedForEncodings = 0;
			knownRegions = (
				en,
				Base,
			);
			mainGroup = 52B5C79629B7707700B7BE82;
			productRefGroup = 52B5C7A029B7707700B7BE82 /* Products */;
			projectDirPath = "";
			projectRoot = "";
			targets = (
				52B5C79E29B7707700B7BE82 /* HIMYM-Book */,
			);
		};
/* End PBXProject section */

/* Begin PBXResourcesBuildPhase section */
		52B5C79D29B7707700B7BE82 /* Resources */ = {
			isa = PBXResourcesBuildPhase;
			buildActionMask = 2147483647;
			files = (
				52B5C7AF29B7707800B7BE82 /* LaunchScreen.storyboard in Resources */,
				52B5C7AC29B7707800B7BE82 /* Assets.xcassets in Resources */,
				52B5C7AA29B7707700B7BE82 /* Main.storyboard in Resources */,
			);
			runOnlyForDeploymentPostprocessing = 0;
		};
/* End PBXResourcesBuildPhase section */

/* Begin PBXSourcesBuildPhase section */
		52B5C79B29B7707700B7BE82 /* Sources */ = {
			isa = PBXSourcesBuildPhase;
			buildActionMask = 2147483647;
			files = (
				52B5C7A729B7707700B7BE82 /* ViewController.swift in Sources */,
				52B5C7B729B7725A00B7BE82 /* DetailsVC.swift in Sources */,
				52B5C7A329B7707700B7BE82 /* AppDelegate.swift in Sources */,
				52B5C7A529B7707700B7BE82 /* SceneDelegate.swift in Sources */,
				52B5C7B929B775DD00B7BE82 /* Characters.swift in Sources */,
			);
			runOnlyForDeploymentPostprocessing = 0;
		};
/* End PBXSourcesBuildPhase section */

/* Begin PBXVariantGroup section */
		52B5C7A829B7707700B7BE82 /* Main.storyboard */ = {
			isa = PBXVariantGroup;
			children = (
				52B5C7A929B7707700B7BE82 /* Base */,
			);
			name = Main.storyboard;
			sourceTree = "<group>";
		};
		52B5C7AD29B7707800B7BE82 /* LaunchScreen.storyboard */ = {
			isa = PBXVariantGroup;
			children = (
				52B5C7AE29B7707800B7BE82 /* Base */,
			);
			name = LaunchScreen.storyboard;
			sourceTree = "<group>";
		};
/* End PBXVariantGroup section */

/* Begin XCBuildConfiguration section */
		52B5C7B129B7707800B7BE82 /* Debug */ = {
			isa = XCBuildConfiguration;
			buildSettings = {
				ALWAYS_SEARCH_USER_PATHS = NO;
				CLANG_ANALYZER_NONNULL = YES;
				CLANG_ANALYZER_NUMBER_OBJECT_CONVERSION = YES_AGGRESSIVE;
				CLANG_CXX_LANGUAGE_STANDARD = "gnu++20";
				CLANG_ENABLE_MODULES = YES;
				CLANG_ENABLE_OBJC_ARC = YES;
				CLANG_ENABLE_OBJC_WEAK = YES;
				CLANG_WARN_BLOCK_CAPTURE_AUTORELEASING = YES;
				CLANG_WARN_BOOL_CONVERSION = YES;
				CLANG_WARN_COMMA = YES;
				CLANG_WARN_CONSTANT_CONVERSION = YES;
				CLANG_WARN_DEPRECATED_OBJC_IMPLEMENTATIONS = YES;
				CLANG_WARN_DIRECT_OBJC_ISA_USAGE = YES_ERROR;
				CLANG_WARN_DOCUMENTATION_COMMENTS = YES;
				CLANG_WARN_EMPTY_BODY = YES;
				CLANG_WARN_ENUM_CONVERSION = YES;
				CLANG_WARN_INFINITE_RECURSION = YES;
				CLANG_WARN_INT_CONVERSION = YES;
				CLANG_WARN_NON_LITERAL_NULL_CONVERSION = YES;
				CLANG_WARN_OBJC_IMPLICIT_RETAIN_SELF = YES;
				CLANG_WARN_OBJC_LITERAL_CONVERSION = YES;
				CLANG_WARN_OBJC_ROOT_CLASS = YES_ERROR;
				CLANG_WARN_QUOTED_INCLUDE_IN_FRAMEWORK_HEADER = YES;
				CLANG_WARN_RANGE_LOOP_ANALYSIS = YES;
				CLANG_WARN_STRICT_PROTOTYPES = YES;
				CLANG_WARN_SUSPICIOUS_MOVE = YES;
				CLANG_WARN_UNGUARDED_AVAILABILITY = YES_AGGRESSIVE;
				CLANG_WARN_UNREACHABLE_CODE = YES;
				CLANG_WARN__DUPLICATE_METHOD_MATCH = YES;
				COPY_PHASE_STRIP = NO;
				DEBUG_INFORMATION_FORMAT = dwarf;
				ENABLE_STRICT_OBJC_MSGSEND = YES;
				ENABLE_TESTABILITY = YES;
				GCC_C_LANGUAGE_STANDARD = gnu11;
				GCC_DYNAMIC_NO_PIC = NO;
				GCC_NO_COMMON_BLOCKS = YES;
				GCC_OPTIMIZATION_LEVEL = 0;
				GCC_PREPROCESSOR_DEFINITIONS = (
					"DEBUG=1",
					"$(inherited)",
				);
				GCC_WARN_64_TO_32_BIT_CONVERSION = YES;
				GCC_WARN_ABOUT_RETURN_TYPE = YES_ERROR;
				GCC_WARN_UNDECLARED_SELECTOR = YES;
				GCC_WARN_UNINITIALIZED_AUTOS = YES_AGGRESSIVE;
				GCC_WARN_UNUSED_FUNCTION = YES;
				GCC_WARN_UNUSED_VARIABLE = YES;
				IPHONEOS_DEPLOYMENT_TARGET = 16.0;
				MTL_ENABLE_DEBUG_INFO = INCLUDE_SOURCE;
				MTL_FAST_MATH = YES;
				ONLY_ACTIVE_ARCH = YES;
				SDKROOT = iphoneos;
				SWIFT_ACTIVE_COMPILATION_CONDITIONS = DEBUG;
				SWIFT_OPTIMIZATION_LEVEL = "-Onone";
			};
			name = Debug;
		};
		52B5C7B229B7707800B7BE82 /* Release */ = {
			isa = XCBuildConfiguration;
			buildSettings = {
				ALWAYS_SEARCH_USER_PATHS = NO;
				CLANG_ANALYZER_NONNULL = YES;
				CLANG_ANALYZER_NUMBER_OBJECT_CONVERSION = YES_AGGRESSIVE;
				CLANG_CXX_LANGUAGE_STANDARD = "gnu++20";
				CLANG_ENABLE_MODULES = YES;
				CLANG_ENABLE_OBJC_ARC = YES;
				CLANG_ENABLE_OBJC_WEAK = YES;
				CLANG_WARN_BLOCK_CAPTURE_AUTORELEASING = YES;
				CLANG_WARN_BOOL_CONVERSION = YES;
				CLANG_WARN_COMMA = YES;
				CLANG_WARN_CONSTANT_CONVERSION = YES;
				CLANG_WARN_DEPRECATED_OBJC_IMPLEMENTATIONS = YES;
				CLANG_WARN_DIRECT_OBJC_ISA_USAGE = YES_ERROR;
				CLANG_WARN_DOCUMENTATION_COMMENTS = YES;
				CLANG_WARN_EMPTY_BODY = YES;
				CLANG_WARN_ENUM_CONVERSION = YES;
				CLANG_WARN_INFINITE_RECURSION = YES;
				CLANG_WARN_INT_CONVERSION = YES;
				CLANG_WARN_NON_LITERAL_NULL_CONVERSION = YES;
				CLANG_WARN_OBJC_IMPLICIT_RETAIN_SELF = YES;
				CLANG_WARN_OBJC_LITERAL_CONVERSION = YES;
				CLANG_WARN_OBJC_ROOT_CLASS = YES_ERROR;
				CLANG_WARN_QUOTED_INCLUDE_IN_FRAMEWORK_HEADER = YES;
				CLANG_WARN_RANGE_LOOP_ANALYSIS = YES;
				CLANG_WARN_STRICT_PROTOTYPES = YES;
				CLANG_WARN_SUSPICIOUS_MOVE = YES;
				CLANG_WARN_UNGUARDED_AVAILABILITY = YES_AGGRESSIVE;
				CLANG_WARN_UNREACHABLE_CODE = YES;
				CLANG_WARN__DUPLICATE_METHOD_MATCH = YES;
				COPY_PHASE_STRIP = NO;
				DEBUG_INFORMATION_FORMAT = "dwarf-with-dsym";
				ENABLE_NS_ASSERTIONS = NO;
				ENABLE_STRICT_OBJC_MSGSEND = YES;
				GCC_C_LANGUAGE_STANDARD = gnu11;
				GCC_NO_COMMON_BLOCKS = YES;
				GCC_WARN_64_TO_32_BIT_CONVERSION = YES;
				GCC_WARN_ABOUT_RETURN_TYPE = YES_ERROR;
				GCC_WARN_UNDECLARED_SELECTOR = YES;
				GCC_WARN_UNINITIALIZED_AUTOS = YES_AGGRESSIVE;
				GCC_WARN_UNUSED_FUNCTION = YES;
				GCC_WARN_UNUSED_VARIABLE = YES;
				IPHONEOS_DEPLOYMENT_TARGET = 16.0;
				MTL_ENABLE_DEBUG_INFO = NO;
				MTL_FAST_MATH = YES;
				SDKROOT = iphoneos;
				SWIFT_COMPILATION_MODE = wholemodule;
				SWIFT_OPTIMIZATION_LEVEL = "-O";
				VALIDATE_PRODUCT = YES;
			};
			name = Release;
		};
		52B5C7B429B7707800B7BE82 /* Debug */ = {
			isa = XCBuildConfiguration;
			buildSettings = {
				ASSETCATALOG_COMPILER_APPICON_NAME = AppIcon;
				ASSETCATALOG_COMPILER_GLOBAL_ACCENT_COLOR_NAME = AccentColor;
				CODE_SIGN_STYLE = Automatic;
				CURRENT_PROJECT_VERSION = 1;
				DEVELOPMENT_TEAM = MPTU59K97X;
				GENERATE_INFOPLIST_FILE = YES;
				INFOPLIST_FILE = "HIMYM-Book/Info.plist";
				INFOPLIST_KEY_UIApplicationSupportsIndirectInputEvents = YES;
				INFOPLIST_KEY_UILaunchStoryboardName = LaunchScreen;
				INFOPLIST_KEY_UIMainStoryboardFile = Main;
				INFOPLIST_KEY_UISupportedInterfaceOrientations_iPad = "UIInterfaceOrientationPortrait UIInterfaceOrientationPortraitUpsideDown UIInterfaceOrientationLandscapeLeft UIInterfaceOrientationLandscapeRight";
				INFOPLIST_KEY_UISupportedInterfaceOrientations_iPhone = "UIInterfaceOrientationPortrait UIInterfaceOrientationLandscapeLeft UIInterfaceOrientationLandscapeRight";
				LD_RUNPATH_SEARCH_PATHS = (
					"$(inherited)",
					"@executable_path/Frameworks",
				);
				MARKETING_VERSION = 1.0;
				PRODUCT_BUNDLE_IDENTIFIER = "EcemOzturk.HIMYM-Book";
				PRODUCT_NAME = "$(TARGET_NAME)";
				SWIFT_EMIT_LOC_STRINGS = YES;
				SWIFT_VERSION = 5.0;
				TARGETED_DEVICE_FAMILY = "1,2";
			};
			name = Debug;
		};
		52B5C7B529B7707800B7BE82 /* Release */ = {
			isa = XCBuildConfiguration;
			buildSettings = {
				ASSETCATALOG_COMPILER_APPICON_NAME = AppIcon;
				ASSETCATALOG_COMPILER_GLOBAL_ACCENT_COLOR_NAME = AccentColor;
				CODE_SIGN_STYLE = Automatic;
				CURRENT_PROJECT_VERSION = 1;
				DEVELOPMENT_TEAM = MPTU59K97X;
				GENERATE_INFOPLIST_FILE = YES;
				INFOPLIST_FILE = "HIMYM-Book/Info.plist";
				INFOPLIST_KEY_UIApplicationSupportsIndirectInputEvents = YES;
				INFOPLIST_KEY_UILaunchStoryboardName = LaunchScreen;
				INFOPLIST_KEY_UIMainStoryboardFile = Main;
				INFOPLIST_KEY_UISupportedInterfaceOrientations_iPad = "UIInterfaceOrientationPortrait UIInterfaceOrientationPortraitUpsideDown UIInterfaceOrientationLandscapeLeft UIInterfaceOrientationLandscapeRight";
				INFOPLIST_KEY_UISupportedInterfaceOrientations_iPhone = "UIInterfaceOrientationPortrait UIInterfaceOrientationLandscapeLeft UIInterfaceOrientationLandscapeRight";
				LD_RUNPATH_SEARCH_PATHS = (
					"$(inherited)",
					"@executable_path/Frameworks",
				);
				MARKETING_VERSION = 1.0;
				PRODUCT_BUNDLE_IDENTIFIER = "EcemOzturk.HIMYM-Book";
				PRODUCT_NAME = "$(TARGET_NAME)";
				SWIFT_EMIT_LOC_STRINGS = YES;
				SWIFT_VERSION = 5.0;
				TARGETED_DEVICE_FAMILY = "1,2";
			};
			name = Release;
		};
/* End XCBuildConfiguration section */

/* Begin XCConfigurationList section */
		52B5C79A29B7707700B7BE82 /* Build configuration list for PBXProject "HIMYM-Book" */ = {
			isa = XCConfigurationList;
			buildConfigurations = (
				52B5C7B129B7707800B7BE82 /* Debug */,
				52B5C7B229B7707800B7BE82 /* Release */,
			);
			defaultConfigurationIsVisible = 0;
			defaultConfigurationName = Release;
		};
		52B5C7B329B7707800B7BE82 /* Build configuration list for PBXNativeTarget "HIMYM-Book" */ = {
			isa = XCConfigurationList;
			buildConfigurations = (
				52B5C7B429B7707800B7BE82 /* Debug */,
				52B5C7B529B7707800B7BE82 /* Release */,
			);
			defaultConfigurationIsVisible = 0;
			defaultConfigurationName = Release;
		};
/* End XCConfigurationList section */
	};
	rootObject = 52B5C79729B7707700B7BE82 /* Project object */;
}
